
Microsoft Visual Studio Solution File, Format Version 12.00
# Visual Studio Version 17
VisualStudioVersion = 17.0.31912.275
MinimumVisualStudioVersion = 10.0.40219.1
Project("{9A19103F-16F7-4668-BE54-9A1E7A4F7556}") = "ExchangeApp", "ExchangeApp\ExchangeApp.csproj", "{684C44D5-FB77-43A5-BA11-E6D1B86AC1E8}"
EndProject
Project("{FAE04EC0-301F-11D3-BF4B-00C04F79EFBC}") = "ExchangeAppTests", "ExchangeAppTests\ExchangeAppTests.csproj", "{893DBB1F-9B48-45F8-8153-FB5D8E9A6C05}"
	ProjectSection(ProjectDependencies) = postProject
		{684C44D5-FB77-43A5-BA11-E6D1B86AC1E8} = {684C44D5-FB77-43A5-BA11-E6D1B86AC1E8}
	EndProjectSection
EndProject
Global
	GlobalSection(SolutionConfigurationPlatforms) = preSolution
		Debug|Any CPU = Debug|Any CPU
		Release|Any CPU = Release|Any CPU
	EndGlobalSection
	GlobalSection(ProjectConfigurationPlatforms) = postSolution
		{684C44D5-FB77-43A5-BA11-E6D1B86AC1E8}.Debug|Any CPU.ActiveCfg = Debug|Any CPU
		{684C44D5-FB77-43A5-BA11-E6D1B86AC1E8}.Debug|Any CPU.Build.0 = Debug|Any CPU
		{684C44D5-FB77-43A5-BA11-E6D1B86AC1E8}.Release|Any CPU.ActiveCfg = Release|Any CPU
		{684C44D5-FB77-43A5-BA11-E6D1B86AC1E8}.Release|Any CPU.Build.0 = Release|Any CPU
		{893DBB1F-9B48-45F8-8153-FB5D8E9A6C05}.Debug|Any CPU.ActiveCfg = Debug|Any CPU
		{893DBB1F-9B48-45F8-8153-FB5D8E9A6C05}.Debug|Any CPU.Build.0 = Debug|Any CPU
		{893DBB1F-9B48-45F8-8153-FB5D8E9A6C05}.Release|Any CPU.ActiveCfg = Release|Any CPU
		{893DBB1F-9B48-45F8-8153-FB5D8E9A6C05}.Release|Any CPU.Build.0 = Release|Any CPU
	EndGlobalSection
	GlobalSection(SolutionProperties) = preSolution
		HideSolutionNode = FALSE
	EndGlobalSection
	GlobalSection(ExtensibilityGlobals) = postSolution
		SolutionGuid = {ABA599AB-63A7-4516-A23D-208511C5B995}
	EndGlobalSection
EndGlobal
